
Microsoft Visual Studio Solution File, Format Version 12.00
# Visual Studio Version 17
VisualStudioVersion = 17.14.36203.30
MinimumVisualStudioVersion = 10.0.40219.1
Project("{FAE04EC0-301F-11D3-BF4B-00C04F79EFBC}") = "B3.Invest", "B3.Invest\B3.Invest.csproj", "{91315F15-9B0B-40AF-8E7C-01BDF20638D0}"
	ProjectSection(ProjectDependencies) = postProject
		{306BDEE1-3875-0A63-58AE-CDF8ECE5AAFA} = {306BDEE1-3875-0A63-58AE-CDF8ECE5AAFA}
	EndProjectSection
EndProject
Project("{FAE04EC0-301F-11D3-BF4B-00C04F79EFBC}") = "B3.Invest.Domain", "B3.Invest.Domain\B3.Invest.Domain.csproj", "{0AEC9E3D-055D-404C-8B34-738DF8FA6440}"
EndProject
Project("{2150E333-8FDC-42A3-9474-1A3956D46DE8}") = "src", "src", "{02EA681E-C7D8-13C7-8484-4AC65E1B71E8}"
EndProject
Project("{2150E333-8FDC-42A3-9474-1A3956D46DE8}") = "1-API", "1-API", "{788D238C-8446-4210-831A-BD337E9FA405}"
EndProject
Project("{2150E333-8FDC-42A3-9474-1A3956D46DE8}") = "3-Domain", "3-Domain", "{13132C93-BC6B-48E7-A1E0-F4DE902B7B6C}"
EndProject
Project("{2150E333-8FDC-42A3-9474-1A3956D46DE8}") = "2-Application", "2-Application", "{B792055E-11CB-422D-814A-39F0CBE9787D}"
EndProject
Project("{FAE04EC0-301F-11D3-BF4B-00C04F79EFBC}") = "B3.Invest.Application", "B3.Invest.Application\B3.Invest.Application.csproj", "{E46BC6DF-B684-424D-BADE-762AC5E23C8B}"
EndProject
Project("{2150E333-8FDC-42A3-9474-1A3956D46DE8}") = "4-Tests", "4-Tests", "{3FFFB863-3728-43E4-B3E7-7DFDF72A3FED}"
EndProject
Project("{FAE04EC0-301F-11D3-BF4B-00C04F79EFBC}") = "B3.Invest.Tests", "B3.Invest.Tests\B3.Invest.Tests.csproj", "{D419F82F-2362-4B51-8496-690948360FC4}"
EndProject
Project("{54A90642-561A-4BB1-A94E-469ADEE60C69}") = "B3.Invest.Web", "B3.Invest.Web\B3.Invest.Web.esproj", "{306BDEE1-3875-0A63-58AE-CDF8ECE5AAFA}"
EndProject
Project("{2150E333-8FDC-42A3-9474-1A3956D46DE8}") = "5-www", "5-www", "{E8ACCDBB-C725-498A-86C7-C1F7EFD1C904}"
EndProject
Global
	GlobalSection(SolutionConfigurationPlatforms) = preSolution
		Debug|Any CPU = Debug|Any CPU
		Release|Any CPU = Release|Any CPU
	EndGlobalSection
	GlobalSection(ProjectConfigurationPlatforms) = postSolution
		{91315F15-9B0B-40AF-8E7C-01BDF20638D0}.Debug|Any CPU.ActiveCfg = Debug|Any CPU
		{91315F15-9B0B-40AF-8E7C-01BDF20638D0}.Debug|Any CPU.Build.0 = Debug|Any CPU
		{91315F15-9B0B-40AF-8E7C-01BDF20638D0}.Release|Any CPU.ActiveCfg = Release|Any CPU
		{91315F15-9B0B-40AF-8E7C-01BDF20638D0}.Release|Any CPU.Build.0 = Release|Any CPU
		{0AEC9E3D-055D-404C-8B34-738DF8FA6440}.Debug|Any CPU.ActiveCfg = Debug|Any CPU
		{0AEC9E3D-055D-404C-8B34-738DF8FA6440}.Debug|Any CPU.Build.0 = Debug|Any CPU
		{0AEC9E3D-055D-404C-8B34-738DF8FA6440}.Release|Any CPU.ActiveCfg = Release|Any CPU
		{0AEC9E3D-055D-404C-8B34-738DF8FA6440}.Release|Any CPU.Build.0 = Release|Any CPU
		{E46BC6DF-B684-424D-BADE-762AC5E23C8B}.Debug|Any CPU.ActiveCfg = Debug|Any CPU
		{E46BC6DF-B684-424D-BADE-762AC5E23C8B}.Debug|Any CPU.Build.0 = Debug|Any CPU
		{E46BC6DF-B684-424D-BADE-762AC5E23C8B}.Release|Any CPU.ActiveCfg = Release|Any CPU
		{E46BC6DF-B684-424D-BADE-762AC5E23C8B}.Release|Any CPU.Build.0 = Release|Any CPU
		{D419F82F-2362-4B51-8496-690948360FC4}.Debug|Any CPU.ActiveCfg = Debug|Any CPU
		{D419F82F-2362-4B51-8496-690948360FC4}.Debug|Any CPU.Build.0 = Debug|Any CPU
		{D419F82F-2362-4B51-8496-690948360FC4}.Release|Any CPU.ActiveCfg = Release|Any CPU
		{D419F82F-2362-4B51-8496-690948360FC4}.Release|Any CPU.Build.0 = Release|Any CPU
		{306BDEE1-3875-0A63-58AE-CDF8ECE5AAFA}.Debug|Any CPU.ActiveCfg = Debug|Any CPU
		{306BDEE1-3875-0A63-58AE-CDF8ECE5AAFA}.Debug|Any CPU.Build.0 = Debug|Any CPU
		{306BDEE1-3875-0A63-58AE-CDF8ECE5AAFA}.Debug|Any CPU.Deploy.0 = Debug|Any CPU
		{306BDEE1-3875-0A63-58AE-CDF8ECE5AAFA}.Release|Any CPU.ActiveCfg = Release|Any CPU
		{306BDEE1-3875-0A63-58AE-CDF8ECE5AAFA}.Release|Any CPU.Build.0 = Release|Any CPU
		{306BDEE1-3875-0A63-58AE-CDF8ECE5AAFA}.Release|Any CPU.Deploy.0 = Release|Any CPU
	EndGlobalSection
	GlobalSection(SolutionProperties) = preSolution
		HideSolutionNode = FALSE
	EndGlobalSection
	GlobalSection(NestedProjects) = preSolution
		{91315F15-9B0B-40AF-8E7C-01BDF20638D0} = {788D238C-8446-4210-831A-BD337E9FA405}
		{0AEC9E3D-055D-404C-8B34-738DF8FA6440} = {13132C93-BC6B-48E7-A1E0-F4DE902B7B6C}
		{788D238C-8446-4210-831A-BD337E9FA405} = {02EA681E-C7D8-13C7-8484-4AC65E1B71E8}
		{13132C93-BC6B-48E7-A1E0-F4DE902B7B6C} = {02EA681E-C7D8-13C7-8484-4AC65E1B71E8}
		{B792055E-11CB-422D-814A-39F0CBE9787D} = {02EA681E-C7D8-13C7-8484-4AC65E1B71E8}
		{E46BC6DF-B684-424D-BADE-762AC5E23C8B} = {B792055E-11CB-422D-814A-39F0CBE9787D}
		{3FFFB863-3728-43E4-B3E7-7DFDF72A3FED} = {02EA681E-C7D8-13C7-8484-4AC65E1B71E8}
		{D419F82F-2362-4B51-8496-690948360FC4} = {3FFFB863-3728-43E4-B3E7-7DFDF72A3FED}
		{306BDEE1-3875-0A63-58AE-CDF8ECE5AAFA} = {E8ACCDBB-C725-498A-86C7-C1F7EFD1C904}
		{E8ACCDBB-C725-498A-86C7-C1F7EFD1C904} = {02EA681E-C7D8-13C7-8484-4AC65E1B71E8}
	EndGlobalSection
	GlobalSection(ExtensibilityGlobals) = postSolution
		SolutionGuid = {BE2E56AF-95D3-47F7-8B10-78B590212405}
	EndGlobalSection
EndGlobal
